
Microsoft Visual Studio Solution File, Format Version 12.00
# Visual Studio Version 16
VisualStudioVersion = 16.0.29123.88
MinimumVisualStudioVersion = 10.0.40219.1
Project("{FAE04EC0-301F-11D3-BF4B-00C04F79EFBC}") = "FIT5032_Week03", "FIT5032_Week03\FIT5032_Week03.csproj", "{128EA0F5-C8BE-40B2-A36A-956DE3653473}"
EndProject
Project("{FAE04EC0-301F-11D3-BF4B-00C04F79EFBC}") = "FIT5032_Week03.Tests", "FIT5032_Week03.Tests\FIT5032_Week03.Tests.csproj", "{510B4007-7F79-44AB-913A-CCCC2821412B}"
EndProject
Global
	GlobalSection(SolutionConfigurationPlatforms) = preSolution
		Debug|Any CPU = Debug|Any CPU
		Release|Any CPU = Release|Any CPU
	EndGlobalSection
	GlobalSection(ProjectConfigurationPlatforms) = postSolution
		{128EA0F5-C8BE-40B2-A36A-956DE3653473}.Debug|Any CPU.ActiveCfg = Debug|Any CPU
		{128EA0F5-C8BE-40B2-A36A-956DE3653473}.Debug|Any CPU.Build.0 = Debug|Any CPU
		{128EA0F5-C8BE-40B2-A36A-956DE3653473}.Release|Any CPU.ActiveCfg = Release|Any CPU
		{128EA0F5-C8BE-40B2-A36A-956DE3653473}.Release|Any CPU.Build.0 = Release|Any CPU
		{510B4007-7F79-44AB-913A-CCCC2821412B}.Debug|Any CPU.ActiveCfg = Debug|Any CPU
		{510B4007-7F79-44AB-913A-CCCC2821412B}.Debug|Any CPU.Build.0 = Debug|Any CPU
		{510B4007-7F79-44AB-913A-CCCC2821412B}.Release|Any CPU.ActiveCfg = Release|Any CPU
		{510B4007-7F79-44AB-913A-CCCC2821412B}.Release|Any CPU.Build.0 = Release|Any CPU
	EndGlobalSection
	GlobalSection(SolutionProperties) = preSolution
		HideSolutionNode = FALSE
	EndGlobalSection
	GlobalSection(ExtensibilityGlobals) = postSolution
		SolutionGuid = {0A6C4AAB-B128-42D4-9377-C5278C7D5915}
	EndGlobalSection
EndGlobal
